PODS:
  - Dispatcher (0.1.1)
  - Swalt (0.1.0):
    - Dispatcher (~> 0.1)

DEPENDENCIES:
  - Dispatcher (~> 0.1.1)
  - Swalt (from `../`)

EXTERNAL SOURCES:
  Swalt:
    :path: "../"

SPEC CHECKSUMS:
  Dispatcher: 1f2e467a11e4ca3b2f72822029a33642c0646ace
  Swalt: 5a58f5c742225a612a8af927cbf91de47af6d4b9

COCOAPODS: 0.37.2
