PODS:
  - Dispatcher (0.1.2)
  - Swalt (0.1.1):
    - Dispatcher (~> 0.1)

DEPENDENCIES:
  - Dispatcher (~> 0.1.2)
  - Swalt (from `../`)

EXTERNAL SOURCES:
  Swalt:
    :path: "../"

SPEC CHECKSUMS:
  Dispatcher: 23cca0e9ac5e836c794fc2590f5cd98ca499fb0e
  Swalt: d567e29e8f5d5b470467fab4558b260bb05fafd0

COCOAPODS: 0.37.2
